
Microsoft Visual Studio Solution File, Format Version 12.00
# Visual Studio 15
VisualStudioVersion = 15.0.27004.2002
MinimumVisualStudioVersion = 10.0.40219.1
Project("{8BC9CEB8-8B4A-11D0-8D11-00A0C91BC942}") = "GarosuEngine", "GarosuEngine\GarosuEngine.vcxproj", "{41AC7B7B-A53E-4586-851D-440197F0CFE3}"
EndProject
Project("{8BC9CEB8-8B4A-11D0-8D11-00A0C91BC942}") = "GarosuGraphics", "GarosuGraphics\GarosuGraphics.vcxproj", "{E78F61D9-9E6B-42AA-A049-A9314B39D4C7}"
	ProjectSection(ProjectDependencies) = postProject
		{5B223E71-9519-4F8B-AD9E-7177EFA64A76} = {5B223E71-9519-4F8B-AD9E-7177EFA64A76}
	EndProjectSection
EndProject
Project("{8BC9CEB8-8B4A-11D0-8D11-00A0C91BC942}") = "GarosuPhysics", "GarosuPhysics\GarosuPhysics.vcxproj", "{4EEE5445-1A40-4458-942B-A711A681778B}"
	ProjectSection(ProjectDependencies) = postProject
		{5B223E71-9519-4F8B-AD9E-7177EFA64A76} = {5B223E71-9519-4F8B-AD9E-7177EFA64A76}
	EndProjectSection
EndProject
Project("{8BC9CEB8-8B4A-11D0-8D11-00A0C91BC942}") = "GarosuUtils", "GarosuUtils\GarosuUtils.vcxproj", "{905585FD-C0E8-4FFC-9F7A-8B1107E2279B}"
EndProject
Project("{8BC9CEB8-8B4A-11D0-8D11-00A0C91BC942}") = "GarosuScheduler", "GarosuScheduler\GarosuScheduler.vcxproj", "{ECBE375E-7BE4-41FF-A204-228892BEED58}"
	ProjectSection(ProjectDependencies) = postProject
		{5B223E71-9519-4F8B-AD9E-7177EFA64A76} = {5B223E71-9519-4F8B-AD9E-7177EFA64A76}
	EndProjectSection
EndProject
Project("{8BC9CEB8-8B4A-11D0-8D11-00A0C91BC942}") = "GarosuEngineTestApp", "GarosuEngineTestApp\GarosuEngineTestApp.vcxproj", "{3CCB63AC-A372-41FD-8D9D-A76C0974068C}"
EndProject
Project("{8BC9CEB8-8B4A-11D0-8D11-00A0C91BC942}") = "GarosuCommon", "GarosuCommon\GarosuCommon.vcxproj", "{5B223E71-9519-4F8B-AD9E-7177EFA64A76}"
EndProject
Project("{8BC9CEB8-8B4A-11D0-8D11-00A0C91BC942}") = "GarosuAudio", "GarosuAudio\GarosuAudio.vcxproj", "{F8281CDF-C3CA-446B-A99D-8CFF62250368}"
	ProjectSection(ProjectDependencies) = postProject
		{5B223E71-9519-4F8B-AD9E-7177EFA64A76} = {5B223E71-9519-4F8B-AD9E-7177EFA64A76}
		{905585FD-C0E8-4FFC-9F7A-8B1107E2279B} = {905585FD-C0E8-4FFC-9F7A-8B1107E2279B}
	EndProjectSection
EndProject
Project("{8BC9CEB8-8B4A-11D0-8D11-00A0C91BC942}") = "GarosuUWPTestApp", "GarosuUWPTestApp\GarosuUWPTestApp.vcxproj", "{559AF0F4-6F1E-45A1-913A-3FFDCAC5FDB3}"
	ProjectSection(ProjectDependencies) = postProject
		{41AC7B7B-A53E-4586-851D-440197F0CFE3} = {41AC7B7B-A53E-4586-851D-440197F0CFE3}
	EndProjectSection
EndProject
Project("{FAE04EC0-301F-11D3-BF4B-00C04F79EFBC}") = "GarosuEngineEditor", "GarosuEngineEditor\GarosuEngineEditor.csproj", "{A8D60DA0-81F5-43D3-8AB4-F9901502E72A}"
EndProject
Global
	GlobalSection(SolutionConfigurationPlatforms) = preSolution
		Debug|Any CPU = Debug|Any CPU
		Debug|ARM = Debug|ARM
		Debug|x64 = Debug|x64
		Debug|x86 = Debug|x86
		Release|Any CPU = Release|Any CPU
		Release|ARM = Release|ARM
		Release|x64 = Release|x64
		Release|x86 = Release|x86
	EndGlobalSection
	GlobalSection(ProjectConfigurationPlatforms) = postSolution
		{41AC7B7B-A53E-4586-851D-440197F0CFE3}.Debug|Any CPU.ActiveCfg = Debug|Win32
		{41AC7B7B-A53E-4586-851D-440197F0CFE3}.Debug|ARM.ActiveCfg = Debug|Win32
		{41AC7B7B-A53E-4586-851D-440197F0CFE3}.Debug|x64.ActiveCfg = Debug|x64
		{41AC7B7B-A53E-4586-851D-440197F0CFE3}.Debug|x64.Build.0 = Debug|x64
		{41AC7B7B-A53E-4586-851D-440197F0CFE3}.Debug|x86.ActiveCfg = Debug|Win32
		{41AC7B7B-A53E-4586-851D-440197F0CFE3}.Debug|x86.Build.0 = Debug|Win32
		{41AC7B7B-A53E-4586-851D-440197F0CFE3}.Release|Any CPU.ActiveCfg = Release|Win32
		{41AC7B7B-A53E-4586-851D-440197F0CFE3}.Release|ARM.ActiveCfg = Release|Win32
		{41AC7B7B-A53E-4586-851D-440197F0CFE3}.Release|x64.ActiveCfg = Release|x64
		{41AC7B7B-A53E-4586-851D-440197F0CFE3}.Release|x64.Build.0 = Release|x64
		{41AC7B7B-A53E-4586-851D-440197F0CFE3}.Release|x86.ActiveCfg = Release|Win32
		{41AC7B7B-A53E-4586-851D-440197F0CFE3}.Release|x86.Build.0 = Release|Win32
		{E78F61D9-9E6B-42AA-A049-A9314B39D4C7}.Debug|Any CPU.ActiveCfg = Debug|Win32
		{E78F61D9-9E6B-42AA-A049-A9314B39D4C7}.Debug|ARM.ActiveCfg = Debug|Win32
		{E78F61D9-9E6B-42AA-A049-A9314B39D4C7}.Debug|x64.ActiveCfg = Debug|x64
		{E78F61D9-9E6B-42AA-A049-A9314B39D4C7}.Debug|x64.Build.0 = Debug|x64
		{E78F61D9-9E6B-42AA-A049-A9314B39D4C7}.Debug|x86.ActiveCfg = Debug|Win32
		{E78F61D9-9E6B-42AA-A049-A9314B39D4C7}.Debug|x86.Build.0 = Debug|Win32
		{E78F61D9-9E6B-42AA-A049-A9314B39D4C7}.Release|Any CPU.ActiveCfg = Release|Win32
		{E78F61D9-9E6B-42AA-A049-A9314B39D4C7}.Release|ARM.ActiveCfg = Release|Win32
		{E78F61D9-9E6B-42AA-A049-A9314B39D4C7}.Release|x64.ActiveCfg = Release|x64
		{E78F61D9-9E6B-42AA-A049-A9314B39D4C7}.Release|x64.Build.0 = Release|x64
		{E78F61D9-9E6B-42AA-A049-A9314B39D4C7}.Release|x86.ActiveCfg = Release|Win32
		{E78F61D9-9E6B-42AA-A049-A9314B39D4C7}.Release|x86.Build.0 = Release|Win32
		{4EEE5445-1A40-4458-942B-A711A681778B}.Debug|Any CPU.ActiveCfg = Debug|Win32
		{4EEE5445-1A40-4458-942B-A711A681778B}.Debug|ARM.ActiveCfg = Debug|Win32
		{4EEE5445-1A40-4458-942B-A711A681778B}.Debug|x64.ActiveCfg = Debug|x64
		{4EEE5445-1A40-4458-942B-A711A681778B}.Debug|x64.Build.0 = Debug|x64
		{4EEE5445-1A40-4458-942B-A711A681778B}.Debug|x86.ActiveCfg = Debug|Win32
		{4EEE5445-1A40-4458-942B-A711A681778B}.Debug|x86.Build.0 = Debug|Win32
		{4EEE5445-1A40-4458-942B-A711A681778B}.Release|Any CPU.ActiveCfg = Release|Win32
		{4EEE5445-1A40-4458-942B-A711A681778B}.Release|ARM.ActiveCfg = Release|Win32
		{4EEE5445-1A40-4458-942B-A711A681778B}.Release|x64.ActiveCfg = Release|x64
		{4EEE5445-1A40-4458-942B-A711A681778B}.Release|x64.Build.0 = Release|x64
		{4EEE5445-1A40-4458-942B-A711A681778B}.Release|x86.ActiveCfg = Release|Win32
		{4EEE5445-1A40-4458-942B-A711A681778B}.Release|x86.Build.0 = Release|Win32
		{905585FD-C0E8-4FFC-9F7A-8B1107E2279B}.Debug|Any CPU.ActiveCfg = Debug|Win32
		{905585FD-C0E8-4FFC-9F7A-8B1107E2279B}.Debug|ARM.ActiveCfg = Debug|Win32
		{905585FD-C0E8-4FFC-9F7A-8B1107E2279B}.Debug|x64.ActiveCfg = Debug|x64
		{905585FD-C0E8-4FFC-9F7A-8B1107E2279B}.Debug|x64.Build.0 = Debug|x64
		{905585FD-C0E8-4FFC-9F7A-8B1107E2279B}.Debug|x86.ActiveCfg = Debug|Win32
		{905585FD-C0E8-4FFC-9F7A-8B1107E2279B}.Debug|x86.Build.0 = Debug|Win32
		{905585FD-C0E8-4FFC-9F7A-8B1107E2279B}.Release|Any CPU.ActiveCfg = Release|Win32
		{905585FD-C0E8-4FFC-9F7A-8B1107E2279B}.Release|ARM.ActiveCfg = Release|Win32
		{905585FD-C0E8-4FFC-9F7A-8B1107E2279B}.Release|x64.ActiveCfg = Release|x64
		{905585FD-C0E8-4FFC-9F7A-8B1107E2279B}.Release|x64.Build.0 = Release|x64
		{905585FD-C0E8-4FFC-9F7A-8B1107E2279B}.Release|x86.ActiveCfg = Release|Win32
		{905585FD-C0E8-4FFC-9F7A-8B1107E2279B}.Release|x86.Build.0 = Release|Win32
		{ECBE375E-7BE4-41FF-A204-228892BEED58}.Debug|Any CPU.ActiveCfg = Debug|Win32
		{ECBE375E-7BE4-41FF-A204-228892BEED58}.Debug|ARM.ActiveCfg = Debug|Win32
		{ECBE375E-7BE4-41FF-A204-228892BEED58}.Debug|x64.ActiveCfg = Debug|x64
		{ECBE375E-7BE4-41FF-A204-228892BEED58}.Debug|x64.Build.0 = Debug|x64
		{ECBE375E-7BE4-41FF-A204-228892BEED58}.Debug|x86.ActiveCfg = Debug|Win32
		{ECBE375E-7BE4-41FF-A204-228892BEED58}.Debug|x86.Build.0 = Debug|Win32
		{ECBE375E-7BE4-41FF-A204-228892BEED58}.Release|Any CPU.ActiveCfg = Release|Win32
		{ECBE375E-7BE4-41FF-A204-228892BEED58}.Release|ARM.ActiveCfg = Release|Win32
		{ECBE375E-7BE4-41FF-A204-228892BEED58}.Release|x64.ActiveCfg = Release|x64
		{ECBE375E-7BE4-41FF-A204-228892BEED58}.Release|x64.Build.0 = Release|x64
		{ECBE375E-7BE4-41FF-A204-228892BEED58}.Release|x86.ActiveCfg = Release|Win32
		{ECBE375E-7BE4-41FF-A204-228892BEED58}.Release|x86.Build.0 = Release|Win32
		{3CCB63AC-A372-41FD-8D9D-A76C0974068C}.Debug|Any CPU.ActiveCfg = Debug|Win32
		{3CCB63AC-A372-41FD-8D9D-A76C0974068C}.Debug|ARM.ActiveCfg = Debug|Win32
		{3CCB63AC-A372-41FD-8D9D-A76C0974068C}.Debug|x64.ActiveCfg = Debug|x64
		{3CCB63AC-A372-41FD-8D9D-A76C0974068C}.Debug|x64.Build.0 = Debug|x64
		{3CCB63AC-A372-41FD-8D9D-A76C0974068C}.Debug|x86.ActiveCfg = Debug|Win32
		{3CCB63AC-A372-41FD-8D9D-A76C0974068C}.Debug|x86.Build.0 = Debug|Win32
		{3CCB63AC-A372-41FD-8D9D-A76C0974068C}.Release|Any CPU.ActiveCfg = Release|Win32
		{3CCB63AC-A372-41FD-8D9D-A76C0974068C}.Release|ARM.ActiveCfg = Release|Win32
		{3CCB63AC-A372-41FD-8D9D-A76C0974068C}.Release|x64.ActiveCfg = Release|x64
		{3CCB63AC-A372-41FD-8D9D-A76C0974068C}.Release|x64.Build.0 = Release|x64
		{3CCB63AC-A372-41FD-8D9D-A76C0974068C}.Release|x86.ActiveCfg = Release|Win32
		{3CCB63AC-A372-41FD-8D9D-A76C0974068C}.Release|x86.Build.0 = Release|Win32
		{5B223E71-9519-4F8B-AD9E-7177EFA64A76}.Debug|Any CPU.ActiveCfg = Debug|Win32
		{5B223E71-9519-4F8B-AD9E-7177EFA64A76}.Debug|ARM.ActiveCfg = Debug|Win32
		{5B223E71-9519-4F8B-AD9E-7177EFA64A76}.Debug|x64.ActiveCfg = Debug|x64
		{5B223E71-9519-4F8B-AD9E-7177EFA64A76}.Debug|x64.Build.0 = Debug|x64
		{5B223E71-9519-4F8B-AD9E-7177EFA64A76}.Debug|x86.ActiveCfg = Debug|Win32
		{5B223E71-9519-4F8B-AD9E-7177EFA64A76}.Debug|x86.Build.0 = Debug|Win32
		{5B223E71-9519-4F8B-AD9E-7177EFA64A76}.Release|Any CPU.ActiveCfg = Release|Win32
		{5B223E71-9519-4F8B-AD9E-7177EFA64A76}.Release|ARM.ActiveCfg = Release|Win32
		{5B223E71-9519-4F8B-AD9E-7177EFA64A76}.Release|x64.ActiveCfg = Release|x64
		{5B223E71-9519-4F8B-AD9E-7177EFA64A76}.Release|x64.Build.0 = Release|x64
		{5B223E71-9519-4F8B-AD9E-7177EFA64A76}.Release|x86.ActiveCfg = Release|Win32
		{5B223E71-9519-4F8B-AD9E-7177EFA64A76}.Release|x86.Build.0 = Release|Win32
		{F8281CDF-C3CA-446B-A99D-8CFF62250368}.Debug|Any CPU.ActiveCfg = Debug|Win32
		{F8281CDF-C3CA-446B-A99D-8CFF62250368}.Debug|ARM.ActiveCfg = Debug|Win32
		{F8281CDF-C3CA-446B-A99D-8CFF62250368}.Debug|x64.ActiveCfg = Debug|x64
		{F8281CDF-C3CA-446B-A99D-8CFF62250368}.Debug|x64.Build.0 = Debug|x64
		{F8281CDF-C3CA-446B-A99D-8CFF62250368}.Debug|x86.ActiveCfg = Debug|Win32
		{F8281CDF-C3CA-446B-A99D-8CFF62250368}.Debug|x86.Build.0 = Debug|Win32
		{F8281CDF-C3CA-446B-A99D-8CFF62250368}.Release|Any CPU.ActiveCfg = Release|Win32
		{F8281CDF-C3CA-446B-A99D-8CFF62250368}.Release|ARM.ActiveCfg = Release|Win32
		{F8281CDF-C3CA-446B-A99D-8CFF62250368}.Release|x64.ActiveCfg = Release|x64
		{F8281CDF-C3CA-446B-A99D-8CFF62250368}.Release|x64.Build.0 = Release|x64
		{F8281CDF-C3CA-446B-A99D-8CFF62250368}.Release|x86.ActiveCfg = Release|Win32
		{F8281CDF-C3CA-446B-A99D-8CFF62250368}.Release|x86.Build.0 = Release|Win32
		{559AF0F4-6F1E-45A1-913A-3FFDCAC5FDB3}.Debug|Any CPU.ActiveCfg = Debug|Win32
		{559AF0F4-6F1E-45A1-913A-3FFDCAC5FDB3}.Debug|ARM.ActiveCfg = Debug|ARM
		{559AF0F4-6F1E-45A1-913A-3FFDCAC5FDB3}.Debug|ARM.Build.0 = Debug|ARM
		{559AF0F4-6F1E-45A1-913A-3FFDCAC5FDB3}.Debug|ARM.Deploy.0 = Debug|ARM
		{559AF0F4-6F1E-45A1-913A-3FFDCAC5FDB3}.Debug|x64.ActiveCfg = Debug|x64
		{559AF0F4-6F1E-45A1-913A-3FFDCAC5FDB3}.Debug|x64.Build.0 = Debug|x64
		{559AF0F4-6F1E-45A1-913A-3FFDCAC5FDB3}.Debug|x64.Deploy.0 = Debug|x64
		{559AF0F4-6F1E-45A1-913A-3FFDCAC5FDB3}.Debug|x86.ActiveCfg = Debug|Win32
		{559AF0F4-6F1E-45A1-913A-3FFDCAC5FDB3}.Debug|x86.Build.0 = Debug|Win32
		{559AF0F4-6F1E-45A1-913A-3FFDCAC5FDB3}.Debug|x86.Deploy.0 = Debug|Win32
		{559AF0F4-6F1E-45A1-913A-3FFDCAC5FDB3}.Release|Any CPU.ActiveCfg = Release|Win32
		{559AF0F4-6F1E-45A1-913A-3FFDCAC5FDB3}.Release|ARM.ActiveCfg = Release|ARM
		{559AF0F4-6F1E-45A1-913A-3FFDCAC5FDB3}.Release|ARM.Build.0 = Release|ARM
		{559AF0F4-6F1E-45A1-913A-3FFDCAC5FDB3}.Release|ARM.Deploy.0 = Release|ARM
		{559AF0F4-6F1E-45A1-913A-3FFDCAC5FDB3}.Release|x64.ActiveCfg = Release|x64
		{559AF0F4-6F1E-45A1-913A-3FFDCAC5FDB3}.Release|x64.Build.0 = Release|x64
		{559AF0F4-6F1E-45A1-913A-3FFDCAC5FDB3}.Release|x64.Deploy.0 = Release|x64
		{559AF0F4-6F1E-45A1-913A-3FFDCAC5FDB3}.Release|x86.ActiveCfg = Release|Win32
		{559AF0F4-6F1E-45A1-913A-3FFDCAC5FDB3}.Release|x86.Build.0 = Release|Win32
		{559AF0F4-6F1E-45A1-913A-3FFDCAC5FDB3}.Release|x86.Deploy.0 = Release|Win32
		{A8D60DA0-81F5-43D3-8AB4-F9901502E72A}.Debug|Any CPU.ActiveCfg = Debug|Any CPU
		{A8D60DA0-81F5-43D3-8AB4-F9901502E72A}.Debug|Any CPU.Build.0 = Debug|Any CPU
		{A8D60DA0-81F5-43D3-8AB4-F9901502E72A}.Debug|ARM.ActiveCfg = Debug|Any CPU
		{A8D60DA0-81F5-43D3-8AB4-F9901502E72A}.Debug|ARM.Build.0 = Debug|Any CPU
		{A8D60DA0-81F5-43D3-8AB4-F9901502E72A}.Debug|x64.ActiveCfg = Debug|Any CPU
		{A8D60DA0-81F5-43D3-8AB4-F9901502E72A}.Debug|x64.Build.0 = Debug|Any CPU
		{A8D60DA0-81F5-43D3-8AB4-F9901502E72A}.Debug|x86.ActiveCfg = Debug|Any CPU
		{A8D60DA0-81F5-43D3-8AB4-F9901502E72A}.Debug|x86.Build.0 = Debug|Any CPU
		{A8D60DA0-81F5-43D3-8AB4-F9901502E72A}.Release|Any CPU.ActiveCfg = Release|Any CPU
		{A8D60DA0-81F5-43D3-8AB4-F9901502E72A}.Release|Any CPU.Build.0 = Release|Any CPU
		{A8D60DA0-81F5-43D3-8AB4-F9901502E72A}.Release|ARM.ActiveCfg = Release|Any CPU
		{A8D60DA0-81F5-43D3-8AB4-F9901502E72A}.Release|ARM.Build.0 = Release|Any CPU
		{A8D60DA0-81F5-43D3-8AB4-F9901502E72A}.Release|x64.ActiveCfg = Release|Any CPU
		{A8D60DA0-81F5-43D3-8AB4-F9901502E72A}.Release|x64.Build.0 = Release|Any CPU
		{A8D60DA0-81F5-43D3-8AB4-F9901502E72A}.Release|x86.ActiveCfg = Release|Any CPU
		{A8D60DA0-81F5-43D3-8AB4-F9901502E72A}.Release|x86.Build.0 = Release|Any CPU
	EndGlobalSection
	GlobalSection(SolutionProperties) = preSolution
		HideSolutionNode = FALSE
	EndGlobalSection
	GlobalSection(ExtensibilityGlobals) = postSolution
		SolutionGuid = {DE468202-451E-4C74-B8B2-6B1F750E2EC9}
	EndGlobalSection
EndGlobal
