
Microsoft Visual Studio Solution File, Format Version 12.00
# Visual Studio 15
VisualStudioVersion = 15.0.27004.2002
MinimumVisualStudioVersion = 10.0.40219.1
Project("{8BC9CEB8-8B4A-11D0-8D11-00A0C91BC942}") = "GarosuEngine", "RootProjects\GarosuEngine\GarosuEngine.vcxproj", "{41AC7B7B-A53E-4586-851D-440197F0CFE3}"
	ProjectSection(ProjectDependencies) = postProject
		{B53DEC50-12A6-4B8C-8F30-A2C1095CB3A5} = {B53DEC50-12A6-4B8C-8F30-A2C1095CB3A5}
	EndProjectSection
EndProject
Project("{8BC9CEB8-8B4A-11D0-8D11-00A0C91BC942}") = "GarosuGraphics", "RootProjects\GarosuGraphics\GarosuGraphics.vcxproj", "{E78F61D9-9E6B-42AA-A049-A9314B39D4C7}"
	ProjectSection(ProjectDependencies) = postProject
		{B53DEC50-12A6-4B8C-8F30-A2C1095CB3A5} = {B53DEC50-12A6-4B8C-8F30-A2C1095CB3A5}
		{5B223E71-9519-4F8B-AD9E-7177EFA64A76} = {5B223E71-9519-4F8B-AD9E-7177EFA64A76}
	EndProjectSection
EndProject
Project("{8BC9CEB8-8B4A-11D0-8D11-00A0C91BC942}") = "GarosuPhysics", "RootProjects\GarosuPhysics\GarosuPhysics.vcxproj", "{4EEE5445-1A40-4458-942B-A711A681778B}"
	ProjectSection(ProjectDependencies) = postProject
		{B53DEC50-12A6-4B8C-8F30-A2C1095CB3A5} = {B53DEC50-12A6-4B8C-8F30-A2C1095CB3A5}
		{5B223E71-9519-4F8B-AD9E-7177EFA64A76} = {5B223E71-9519-4F8B-AD9E-7177EFA64A76}
	EndProjectSection
EndProject
Project("{8BC9CEB8-8B4A-11D0-8D11-00A0C91BC942}") = "GarosuUtils", "RootProjects\GarosuUtils\GarosuUtils.vcxproj", "{905585FD-C0E8-4FFC-9F7A-8B1107E2279B}"
	ProjectSection(ProjectDependencies) = postProject
		{B53DEC50-12A6-4B8C-8F30-A2C1095CB3A5} = {B53DEC50-12A6-4B8C-8F30-A2C1095CB3A5}
	EndProjectSection
EndProject
Project("{8BC9CEB8-8B4A-11D0-8D11-00A0C91BC942}") = "GarosuScheduler", "RootProjects\GarosuScheduler\GarosuScheduler.vcxproj", "{ECBE375E-7BE4-41FF-A204-228892BEED58}"
	ProjectSection(ProjectDependencies) = postProject
		{B53DEC50-12A6-4B8C-8F30-A2C1095CB3A5} = {B53DEC50-12A6-4B8C-8F30-A2C1095CB3A5}
		{5B223E71-9519-4F8B-AD9E-7177EFA64A76} = {5B223E71-9519-4F8B-AD9E-7177EFA64A76}
	EndProjectSection
EndProject
Project("{8BC9CEB8-8B4A-11D0-8D11-00A0C91BC942}") = "GarosuCommon", "RootProjects\GarosuCommon\GarosuCommon.vcxproj", "{5B223E71-9519-4F8B-AD9E-7177EFA64A76}"
	ProjectSection(ProjectDependencies) = postProject
		{B53DEC50-12A6-4B8C-8F30-A2C1095CB3A5} = {B53DEC50-12A6-4B8C-8F30-A2C1095CB3A5}
	EndProjectSection
EndProject
Project("{8BC9CEB8-8B4A-11D0-8D11-00A0C91BC942}") = "GarosuAudio", "RootProjects\GarosuAudio\GarosuAudio.vcxproj", "{F8281CDF-C3CA-446B-A99D-8CFF62250368}"
	ProjectSection(ProjectDependencies) = postProject
		{B53DEC50-12A6-4B8C-8F30-A2C1095CB3A5} = {B53DEC50-12A6-4B8C-8F30-A2C1095CB3A5}
		{5B223E71-9519-4F8B-AD9E-7177EFA64A76} = {5B223E71-9519-4F8B-AD9E-7177EFA64A76}
		{905585FD-C0E8-4FFC-9F7A-8B1107E2279B} = {905585FD-C0E8-4FFC-9F7A-8B1107E2279B}
	EndProjectSection
EndProject
Project("{FAE04EC0-301F-11D3-BF4B-00C04F79EFBC}") = "GarosuEngineEditor", "TrunkProjects\GarosuEngineEditor\GarosuEngineEditor.csproj", "{A8D60DA0-81F5-43D3-8AB4-F9901502E72A}"
	ProjectSection(ProjectDependencies) = postProject
		{EC242D11-6757-40C4-A154-0422FE29DC87} = {EC242D11-6757-40C4-A154-0422FE29DC87}
		{6A05A956-1439-4CF6-95E3-4F3DB5255D24} = {6A05A956-1439-4CF6-95E3-4F3DB5255D24}
		{41AC7B7B-A53E-4586-851D-440197F0CFE3} = {41AC7B7B-A53E-4586-851D-440197F0CFE3}
	EndProjectSection
EndProject
Project("{2150E333-8FDC-42A3-9474-1A3956D46DE8}") = "RootProjects", "RootProjects", "{C7D94DFB-47E4-4291-8989-F7E7517111F1}"
EndProject
Project("{2150E333-8FDC-42A3-9474-1A3956D46DE8}") = "WPFProject", "WPFProject", "{92678989-C9DB-44C5-967C-19C725E915E7}"
EndProject
Project("{8BC9CEB8-8B4A-11D0-8D11-00A0C91BC942}") = "GarosuHwndHost", "TrunkProjects\GarosuHwndHost\GarosuHwndHost.vcxproj", "{EC242D11-6757-40C4-A154-0422FE29DC87}"
EndProject
Project("{FAE04EC0-301F-11D3-BF4B-00C04F79EFBC}") = "GarosuEngineWrapper", "GarosuEngineWrapper\GarosuEngineWrapper.csproj", "{6A05A956-1439-4CF6-95E3-4F3DB5255D24}"
EndProject
Project("{2150E333-8FDC-42A3-9474-1A3956D46DE8}") = "LandProjects", "LandProjects", "{E0D1C0F1-35BD-43D1-9C44-FCAB638859BF}"
EndProject
Project("{8BC9CEB8-8B4A-11D0-8D11-00A0C91BC942}") = "GarosuPlatform", "LandProjects\GarosuPlatform\GarosuPlatform.vcxproj", "{B53DEC50-12A6-4B8C-8F30-A2C1095CB3A5}"
EndProject
Project("{2150E333-8FDC-42A3-9474-1A3956D46DE8}") = "ThirdParty", "ThirdParty", "{9B583CD5-34A6-4F47-BFFE-7115B6E30E34}"
EndProject
Global
	GlobalSection(SolutionConfigurationPlatforms) = preSolution
		Debug|Any CPU = Debug|Any CPU
		Debug|ARM = Debug|ARM
		Debug|x64 = Debug|x64
		Debug|x86 = Debug|x86
		Release|Any CPU = Release|Any CPU
		Release|ARM = Release|ARM
		Release|x64 = Release|x64
		Release|x86 = Release|x86
	EndGlobalSection
	GlobalSection(ProjectConfigurationPlatforms) = postSolution
		{41AC7B7B-A53E-4586-851D-440197F0CFE3}.Debug|Any CPU.ActiveCfg = Debug|Win32
		{41AC7B7B-A53E-4586-851D-440197F0CFE3}.Debug|ARM.ActiveCfg = Debug|Win32
		{41AC7B7B-A53E-4586-851D-440197F0CFE3}.Debug|x64.ActiveCfg = Debug|x64
		{41AC7B7B-A53E-4586-851D-440197F0CFE3}.Debug|x64.Build.0 = Debug|x64
		{41AC7B7B-A53E-4586-851D-440197F0CFE3}.Debug|x86.ActiveCfg = Debug|Win32
		{41AC7B7B-A53E-4586-851D-440197F0CFE3}.Debug|x86.Build.0 = Debug|Win32
		{41AC7B7B-A53E-4586-851D-440197F0CFE3}.Release|Any CPU.ActiveCfg = Release|Win32
		{41AC7B7B-A53E-4586-851D-440197F0CFE3}.Release|ARM.ActiveCfg = Release|Win32
		{41AC7B7B-A53E-4586-851D-440197F0CFE3}.Release|x64.ActiveCfg = Release|x64
		{41AC7B7B-A53E-4586-851D-440197F0CFE3}.Release|x64.Build.0 = Release|x64
		{41AC7B7B-A53E-4586-851D-440197F0CFE3}.Release|x86.ActiveCfg = Release|Win32
		{41AC7B7B-A53E-4586-851D-440197F0CFE3}.Release|x86.Build.0 = Release|Win32
		{E78F61D9-9E6B-42AA-A049-A9314B39D4C7}.Debug|Any CPU.ActiveCfg = Debug|Win32
		{E78F61D9-9E6B-42AA-A049-A9314B39D4C7}.Debug|ARM.ActiveCfg = Debug|Win32
		{E78F61D9-9E6B-42AA-A049-A9314B39D4C7}.Debug|x64.ActiveCfg = Debug|x64
		{E78F61D9-9E6B-42AA-A049-A9314B39D4C7}.Debug|x64.Build.0 = Debug|x64
		{E78F61D9-9E6B-42AA-A049-A9314B39D4C7}.Debug|x86.ActiveCfg = Debug|Win32
		{E78F61D9-9E6B-42AA-A049-A9314B39D4C7}.Debug|x86.Build.0 = Debug|Win32
		{E78F61D9-9E6B-42AA-A049-A9314B39D4C7}.Release|Any CPU.ActiveCfg = Release|Win32
		{E78F61D9-9E6B-42AA-A049-A9314B39D4C7}.Release|ARM.ActiveCfg = Release|Win32
		{E78F61D9-9E6B-42AA-A049-A9314B39D4C7}.Release|x64.ActiveCfg = Release|x64
		{E78F61D9-9E6B-42AA-A049-A9314B39D4C7}.Release|x64.Build.0 = Release|x64
		{E78F61D9-9E6B-42AA-A049-A9314B39D4C7}.Release|x86.ActiveCfg = Release|Win32
		{E78F61D9-9E6B-42AA-A049-A9314B39D4C7}.Release|x86.Build.0 = Release|Win32
		{4EEE5445-1A40-4458-942B-A711A681778B}.Debug|Any CPU.ActiveCfg = Debug|Win32
		{4EEE5445-1A40-4458-942B-A711A681778B}.Debug|ARM.ActiveCfg = Debug|Win32
		{4EEE5445-1A40-4458-942B-A711A681778B}.Debug|x64.ActiveCfg = Debug|x64
		{4EEE5445-1A40-4458-942B-A711A681778B}.Debug|x64.Build.0 = Debug|x64
		{4EEE5445-1A40-4458-942B-A711A681778B}.Debug|x86.ActiveCfg = Debug|Win32
		{4EEE5445-1A40-4458-942B-A711A681778B}.Debug|x86.Build.0 = Debug|Win32
		{4EEE5445-1A40-4458-942B-A711A681778B}.Release|Any CPU.ActiveCfg = Release|Win32
		{4EEE5445-1A40-4458-942B-A711A681778B}.Release|ARM.ActiveCfg = Release|Win32
		{4EEE5445-1A40-4458-942B-A711A681778B}.Release|x64.ActiveCfg = Release|x64
		{4EEE5445-1A40-4458-942B-A711A681778B}.Release|x64.Build.0 = Release|x64
		{4EEE5445-1A40-4458-942B-A711A681778B}.Release|x86.ActiveCfg = Release|Win32
		{4EEE5445-1A40-4458-942B-A711A681778B}.Release|x86.Build.0 = Release|Win32
		{905585FD-C0E8-4FFC-9F7A-8B1107E2279B}.Debug|Any CPU.ActiveCfg = Debug|Win32
		{905585FD-C0E8-4FFC-9F7A-8B1107E2279B}.Debug|ARM.ActiveCfg = Debug|Win32
		{905585FD-C0E8-4FFC-9F7A-8B1107E2279B}.Debug|x64.ActiveCfg = Debug|x64
		{905585FD-C0E8-4FFC-9F7A-8B1107E2279B}.Debug|x64.Build.0 = Debug|x64
		{905585FD-C0E8-4FFC-9F7A-8B1107E2279B}.Debug|x86.ActiveCfg = Debug|Win32
		{905585FD-C0E8-4FFC-9F7A-8B1107E2279B}.Debug|x86.Build.0 = Debug|Win32
		{905585FD-C0E8-4FFC-9F7A-8B1107E2279B}.Release|Any CPU.ActiveCfg = Release|Win32
		{905585FD-C0E8-4FFC-9F7A-8B1107E2279B}.Release|ARM.ActiveCfg = Release|Win32
		{905585FD-C0E8-4FFC-9F7A-8B1107E2279B}.Release|x64.ActiveCfg = Release|x64
		{905585FD-C0E8-4FFC-9F7A-8B1107E2279B}.Release|x64.Build.0 = Release|x64
		{905585FD-C0E8-4FFC-9F7A-8B1107E2279B}.Release|x86.ActiveCfg = Release|Win32
		{905585FD-C0E8-4FFC-9F7A-8B1107E2279B}.Release|x86.Build.0 = Release|Win32
		{ECBE375E-7BE4-41FF-A204-228892BEED58}.Debug|Any CPU.ActiveCfg = Debug|Win32
		{ECBE375E-7BE4-41FF-A204-228892BEED58}.Debug|ARM.ActiveCfg = Debug|Win32
		{ECBE375E-7BE4-41FF-A204-228892BEED58}.Debug|x64.ActiveCfg = Debug|x64
		{ECBE375E-7BE4-41FF-A204-228892BEED58}.Debug|x64.Build.0 = Debug|x64
		{ECBE375E-7BE4-41FF-A204-228892BEED58}.Debug|x86.ActiveCfg = Debug|Win32
		{ECBE375E-7BE4-41FF-A204-228892BEED58}.Debug|x86.Build.0 = Debug|Win32
		{ECBE375E-7BE4-41FF-A204-228892BEED58}.Release|Any CPU.ActiveCfg = Release|Win32
		{ECBE375E-7BE4-41FF-A204-228892BEED58}.Release|ARM.ActiveCfg = Release|Win32
		{ECBE375E-7BE4-41FF-A204-228892BEED58}.Release|x64.ActiveCfg = Release|x64
		{ECBE375E-7BE4-41FF-A204-228892BEED58}.Release|x64.Build.0 = Release|x64
		{ECBE375E-7BE4-41FF-A204-228892BEED58}.Release|x86.ActiveCfg = Release|Win32
		{ECBE375E-7BE4-41FF-A204-228892BEED58}.Release|x86.Build.0 = Release|Win32
		{5B223E71-9519-4F8B-AD9E-7177EFA64A76}.Debug|Any CPU.ActiveCfg = Debug|Win32
		{5B223E71-9519-4F8B-AD9E-7177EFA64A76}.Debug|ARM.ActiveCfg = Debug|Win32
		{5B223E71-9519-4F8B-AD9E-7177EFA64A76}.Debug|x64.ActiveCfg = Debug|x64
		{5B223E71-9519-4F8B-AD9E-7177EFA64A76}.Debug|x64.Build.0 = Debug|x64
		{5B223E71-9519-4F8B-AD9E-7177EFA64A76}.Debug|x86.ActiveCfg = Debug|Win32
		{5B223E71-9519-4F8B-AD9E-7177EFA64A76}.Debug|x86.Build.0 = Debug|Win32
		{5B223E71-9519-4F8B-AD9E-7177EFA64A76}.Release|Any CPU.ActiveCfg = Release|Win32
		{5B223E71-9519-4F8B-AD9E-7177EFA64A76}.Release|ARM.ActiveCfg = Release|Win32
		{5B223E71-9519-4F8B-AD9E-7177EFA64A76}.Release|x64.ActiveCfg = Release|x64
		{5B223E71-9519-4F8B-AD9E-7177EFA64A76}.Release|x64.Build.0 = Release|x64
		{5B223E71-9519-4F8B-AD9E-7177EFA64A76}.Release|x86.ActiveCfg = Release|Win32
		{5B223E71-9519-4F8B-AD9E-7177EFA64A76}.Release|x86.Build.0 = Release|Win32
		{F8281CDF-C3CA-446B-A99D-8CFF62250368}.Debug|Any CPU.ActiveCfg = Debug|Win32
		{F8281CDF-C3CA-446B-A99D-8CFF62250368}.Debug|ARM.ActiveCfg = Debug|Win32
		{F8281CDF-C3CA-446B-A99D-8CFF62250368}.Debug|x64.ActiveCfg = Debug|x64
		{F8281CDF-C3CA-446B-A99D-8CFF62250368}.Debug|x64.Build.0 = Debug|x64
		{F8281CDF-C3CA-446B-A99D-8CFF62250368}.Debug|x86.ActiveCfg = Debug|Win32
		{F8281CDF-C3CA-446B-A99D-8CFF62250368}.Debug|x86.Build.0 = Debug|Win32
		{F8281CDF-C3CA-446B-A99D-8CFF62250368}.Release|Any CPU.ActiveCfg = Release|Win32
		{F8281CDF-C3CA-446B-A99D-8CFF62250368}.Release|ARM.ActiveCfg = Release|Win32
		{F8281CDF-C3CA-446B-A99D-8CFF62250368}.Release|x64.ActiveCfg = Release|x64
		{F8281CDF-C3CA-446B-A99D-8CFF62250368}.Release|x64.Build.0 = Release|x64
		{F8281CDF-C3CA-446B-A99D-8CFF62250368}.Release|x86.ActiveCfg = Release|Win32
		{F8281CDF-C3CA-446B-A99D-8CFF62250368}.Release|x86.Build.0 = Release|Win32
		{A8D60DA0-81F5-43D3-8AB4-F9901502E72A}.Debug|Any CPU.ActiveCfg = Debug|Any CPU
		{A8D60DA0-81F5-43D3-8AB4-F9901502E72A}.Debug|Any CPU.Build.0 = Debug|Any CPU
		{A8D60DA0-81F5-43D3-8AB4-F9901502E72A}.Debug|ARM.ActiveCfg = Debug|Any CPU
		{A8D60DA0-81F5-43D3-8AB4-F9901502E72A}.Debug|ARM.Build.0 = Debug|Any CPU
		{A8D60DA0-81F5-43D3-8AB4-F9901502E72A}.Debug|x64.ActiveCfg = Debug|Any CPU
		{A8D60DA0-81F5-43D3-8AB4-F9901502E72A}.Debug|x64.Build.0 = Debug|Any CPU
		{A8D60DA0-81F5-43D3-8AB4-F9901502E72A}.Debug|x86.ActiveCfg = Debug|Any CPU
		{A8D60DA0-81F5-43D3-8AB4-F9901502E72A}.Debug|x86.Build.0 = Debug|Any CPU
		{A8D60DA0-81F5-43D3-8AB4-F9901502E72A}.Release|Any CPU.ActiveCfg = Release|Any CPU
		{A8D60DA0-81F5-43D3-8AB4-F9901502E72A}.Release|Any CPU.Build.0 = Release|Any CPU
		{A8D60DA0-81F5-43D3-8AB4-F9901502E72A}.Release|ARM.ActiveCfg = Release|Any CPU
		{A8D60DA0-81F5-43D3-8AB4-F9901502E72A}.Release|ARM.Build.0 = Release|Any CPU
		{A8D60DA0-81F5-43D3-8AB4-F9901502E72A}.Release|x64.ActiveCfg = Release|Any CPU
		{A8D60DA0-81F5-43D3-8AB4-F9901502E72A}.Release|x64.Build.0 = Release|Any CPU
		{A8D60DA0-81F5-43D3-8AB4-F9901502E72A}.Release|x86.ActiveCfg = Release|Any CPU
		{A8D60DA0-81F5-43D3-8AB4-F9901502E72A}.Release|x86.Build.0 = Release|Any CPU
		{EC242D11-6757-40C4-A154-0422FE29DC87}.Debug|Any CPU.ActiveCfg = Debug|Win32
		{EC242D11-6757-40C4-A154-0422FE29DC87}.Debug|ARM.ActiveCfg = Debug|Win32
		{EC242D11-6757-40C4-A154-0422FE29DC87}.Debug|x64.ActiveCfg = Debug|x64
		{EC242D11-6757-40C4-A154-0422FE29DC87}.Debug|x64.Build.0 = Debug|x64
		{EC242D11-6757-40C4-A154-0422FE29DC87}.Debug|x86.ActiveCfg = Debug|Win32
		{EC242D11-6757-40C4-A154-0422FE29DC87}.Debug|x86.Build.0 = Debug|Win32
		{EC242D11-6757-40C4-A154-0422FE29DC87}.Release|Any CPU.ActiveCfg = Release|Win32
		{EC242D11-6757-40C4-A154-0422FE29DC87}.Release|ARM.ActiveCfg = Release|Win32
		{EC242D11-6757-40C4-A154-0422FE29DC87}.Release|x64.ActiveCfg = Release|x64
		{EC242D11-6757-40C4-A154-0422FE29DC87}.Release|x64.Build.0 = Release|x64
		{EC242D11-6757-40C4-A154-0422FE29DC87}.Release|x86.ActiveCfg = Release|Win32
		{EC242D11-6757-40C4-A154-0422FE29DC87}.Release|x86.Build.0 = Release|Win32
		{6A05A956-1439-4CF6-95E3-4F3DB5255D24}.Debug|Any CPU.ActiveCfg = Debug|Any CPU
		{6A05A956-1439-4CF6-95E3-4F3DB5255D24}.Debug|Any CPU.Build.0 = Debug|Any CPU
		{6A05A956-1439-4CF6-95E3-4F3DB5255D24}.Debug|ARM.ActiveCfg = Debug|Any CPU
		{6A05A956-1439-4CF6-95E3-4F3DB5255D24}.Debug|ARM.Build.0 = Debug|Any CPU
		{6A05A956-1439-4CF6-95E3-4F3DB5255D24}.Debug|x64.ActiveCfg = Debug|Any CPU
		{6A05A956-1439-4CF6-95E3-4F3DB5255D24}.Debug|x64.Build.0 = Debug|Any CPU
		{6A05A956-1439-4CF6-95E3-4F3DB5255D24}.Debug|x86.ActiveCfg = Debug|Any CPU
		{6A05A956-1439-4CF6-95E3-4F3DB5255D24}.Debug|x86.Build.0 = Debug|Any CPU
		{6A05A956-1439-4CF6-95E3-4F3DB5255D24}.Release|Any CPU.ActiveCfg = Release|Any CPU
		{6A05A956-1439-4CF6-95E3-4F3DB5255D24}.Release|Any CPU.Build.0 = Release|Any CPU
		{6A05A956-1439-4CF6-95E3-4F3DB5255D24}.Release|ARM.ActiveCfg = Release|Any CPU
		{6A05A956-1439-4CF6-95E3-4F3DB5255D24}.Release|ARM.Build.0 = Release|Any CPU
		{6A05A956-1439-4CF6-95E3-4F3DB5255D24}.Release|x64.ActiveCfg = Release|Any CPU
		{6A05A956-1439-4CF6-95E3-4F3DB5255D24}.Release|x64.Build.0 = Release|Any CPU
		{6A05A956-1439-4CF6-95E3-4F3DB5255D24}.Release|x86.ActiveCfg = Release|Any CPU
		{6A05A956-1439-4CF6-95E3-4F3DB5255D24}.Release|x86.Build.0 = Release|Any CPU
		{B53DEC50-12A6-4B8C-8F30-A2C1095CB3A5}.Debug|Any CPU.ActiveCfg = Debug|Win32
		{B53DEC50-12A6-4B8C-8F30-A2C1095CB3A5}.Debug|ARM.ActiveCfg = Debug|Win32
		{B53DEC50-12A6-4B8C-8F30-A2C1095CB3A5}.Debug|x64.ActiveCfg = Debug|x64
		{B53DEC50-12A6-4B8C-8F30-A2C1095CB3A5}.Debug|x64.Build.0 = Debug|x64
		{B53DEC50-12A6-4B8C-8F30-A2C1095CB3A5}.Debug|x86.ActiveCfg = Debug|Win32
		{B53DEC50-12A6-4B8C-8F30-A2C1095CB3A5}.Debug|x86.Build.0 = Debug|Win32
		{B53DEC50-12A6-4B8C-8F30-A2C1095CB3A5}.Release|Any CPU.ActiveCfg = Release|Win32
		{B53DEC50-12A6-4B8C-8F30-A2C1095CB3A5}.Release|ARM.ActiveCfg = Release|Win32
		{B53DEC50-12A6-4B8C-8F30-A2C1095CB3A5}.Release|x64.ActiveCfg = Release|x64
		{B53DEC50-12A6-4B8C-8F30-A2C1095CB3A5}.Release|x64.Build.0 = Release|x64
		{B53DEC50-12A6-4B8C-8F30-A2C1095CB3A5}.Release|x86.ActiveCfg = Release|Win32
		{B53DEC50-12A6-4B8C-8F30-A2C1095CB3A5}.Release|x86.Build.0 = Release|Win32
	EndGlobalSection
	GlobalSection(SolutionProperties) = preSolution
		HideSolutionNode = FALSE
	EndGlobalSection
	GlobalSection(NestedProjects) = preSolution
		{41AC7B7B-A53E-4586-851D-440197F0CFE3} = {C7D94DFB-47E4-4291-8989-F7E7517111F1}
		{E78F61D9-9E6B-42AA-A049-A9314B39D4C7} = {C7D94DFB-47E4-4291-8989-F7E7517111F1}
		{4EEE5445-1A40-4458-942B-A711A681778B} = {C7D94DFB-47E4-4291-8989-F7E7517111F1}
		{905585FD-C0E8-4FFC-9F7A-8B1107E2279B} = {C7D94DFB-47E4-4291-8989-F7E7517111F1}
		{ECBE375E-7BE4-41FF-A204-228892BEED58} = {C7D94DFB-47E4-4291-8989-F7E7517111F1}
		{5B223E71-9519-4F8B-AD9E-7177EFA64A76} = {C7D94DFB-47E4-4291-8989-F7E7517111F1}
		{F8281CDF-C3CA-446B-A99D-8CFF62250368} = {C7D94DFB-47E4-4291-8989-F7E7517111F1}
		{A8D60DA0-81F5-43D3-8AB4-F9901502E72A} = {92678989-C9DB-44C5-967C-19C725E915E7}
		{EC242D11-6757-40C4-A154-0422FE29DC87} = {92678989-C9DB-44C5-967C-19C725E915E7}
		{6A05A956-1439-4CF6-95E3-4F3DB5255D24} = {92678989-C9DB-44C5-967C-19C725E915E7}
		{B53DEC50-12A6-4B8C-8F30-A2C1095CB3A5} = {E0D1C0F1-35BD-43D1-9C44-FCAB638859BF}
	EndGlobalSection
	GlobalSection(ExtensibilityGlobals) = postSolution
		SolutionGuid = {DE468202-451E-4C74-B8B2-6B1F750E2EC9}
	EndGlobalSection
EndGlobal
